
Microsoft Visual Studio Solution File, Format Version 12.00
# Visual Studio Version 17
VisualStudioVersion = 17.10.35027.167
MinimumVisualStudioVersion = 10.0.40219.1
Project("{8BC9CEB8-8B4A-11D0-8D11-00A0C91BC942}") = "MemoryPool", "MemoryPool\MemoryPool.vcxproj", "{A235C33C-225E-48A0-A999-F3D1C4A727FF}"
EndProject
Global
	GlobalSection(SolutionConfigurationPlatforms) = preSolution
		Debug|x64 = Debug|x64
		Debug|x86 = Debug|x86
		Release|x64 = Release|x64
		Release|x86 = Release|x86
	EndGlobalSection
	GlobalSection(ProjectConfigurationPlatforms) = postSolution
		{A235C33C-225E-48A0-A999-F3D1C4A727FF}.Debug|x64.ActiveCfg = Debug|x64
		{A235C33C-225E-48A0-A999-F3D1C4A727FF}.Debug|x64.Build.0 = Debug|x64
		{A235C33C-225E-48A0-A999-F3D1C4A727FF}.Debug|x86.ActiveCfg = Debug|Win32
		{A235C33C-225E-48A0-A999-F3D1C4A727FF}.Debug|x86.Build.0 = Debug|Win32
		{A235C33C-225E-48A0-A999-F3D1C4A727FF}.Release|x64.ActiveCfg = Release|x64
		{A235C33C-225E-48A0-A999-F3D1C4A727FF}.Release|x64.Build.0 = Release|x64
		{A235C33C-225E-48A0-A999-F3D1C4A727FF}.Release|x86.ActiveCfg = Release|Win32
		{A235C33C-225E-48A0-A999-F3D1C4A727FF}.Release|x86.Build.0 = Release|Win32
	EndGlobalSection
	GlobalSection(SolutionProperties) = preSolution
		HideSolutionNode = FALSE
	EndGlobalSection
	GlobalSection(ExtensibilityGlobals) = postSolution
		SolutionGuid = {FDAA9429-7872-424D-9244-469A07EA3E3F}
	EndGlobalSection
EndGlobal
